{
  "projects": [
    {
      "projectId": "58GpZjZCWTaJ8AUhpCwt2K",
      "version": "3.33.0",
      "dependencies": {},
      "lang": "js",
      "fileLocks": [
        {
          "assetId": "58GpZjZCWTaJ8AUhpCwt2K",
          "type": "projectCss",
          "checksum": "b4cfca3020a1c748035158bb466abc3b"
        },
        {
          "assetId": "58GpZjZCWTaJ8AUhpCwt2K",
          "checksum": "ba5a227fa7f7d5c086cc9a3f0cebe732",
          "type": "projectModule"
        },
        {
          "assetId": "58GpZjZCWTaJ8AUhpCwt2K",
          "checksum": "3b8b9200be03365ad2d2867f6a9a41d9",
          "type": "styleTokensProvider"
        }
      ],
      "codegenVersion": "0.0.1"
    },
    {
      "projectId": "7nJ7UcFmq9UzB6eXfC5z4a",
      "version": "0.36.0",
      "dependencies": {},
      "lang": "js",
      "fileLocks": [
        {
          "assetId": "7nJ7UcFmq9UzB6eXfC5z4a",
          "type": "projectCss",
          "checksum": "094acef1b416945664ed3718a7cd2665"
        },
        {
          "assetId": "7nJ7UcFmq9UzB6eXfC5z4a",
          "checksum": "7163d6064a75eb61d5378e18a09f8af8",
          "type": "projectModule"
        },
        {
          "assetId": "7nJ7UcFmq9UzB6eXfC5z4a",
          "checksum": "7db80c72dbb0394c029721aa0b62176d",
          "type": "styleTokensProvider"
        }
      ],
      "codegenVersion": "0.0.1"
    },
    {
      "projectId": "6W5g6yqcia275BYzRRyyZM",
      "version": "latest",
      "dependencies": {
        "7nJ7UcFmq9UzB6eXfC5z4a": "0.36.0",
        "58GpZjZCWTaJ8AUhpCwt2K": "3.33.0"
      },
      "lang": "js",
      "fileLocks": [
        {
          "type": "globalVariant",
          "assetId": "r3r0lHf_Wnp5",
          "checksum": "e1db2cedb31e467a58db1a1b23399873"
        },
        {
          "assetId": "6W5g6yqcia275BYzRRyyZM",
          "type": "projectCss",
          "checksum": "94b20d4319637a5fd0260593cd288099"
        },
        {
          "assetId": "6W5g6yqcia275BYzRRyyZM",
          "checksum": "99e36c5e49ffab66ee895d25e018183c",
          "type": "projectModule"
        },
        {
          "assetId": "6W5g6yqcia275BYzRRyyZM",
          "checksum": "9783dac6b93460e2c9e7719b7989472f",
          "type": "styleTokensProvider"
        },
        {
          "type": "renderModule",
          "assetId": "fDye9pN0Lyr2",
          "checksum": "307eef13ae923cac2e67e3524ff9500f"
        },
        {
          "type": "cssRules",
          "assetId": "fDye9pN0Lyr2",
          "checksum": "307eef13ae923cac2e67e3524ff9500f"
        },
        {
          "type": "renderModule",
          "assetId": "4Lmon_-NKjoK",
          "checksum": "a749ccf43b73c56e42e96732e1e4a1f6"
        },
        {
          "type": "cssRules",
          "assetId": "4Lmon_-NKjoK",
          "checksum": "a749ccf43b73c56e42e96732e1e4a1f6"
        },
        {
          "type": "renderModule",
          "assetId": "_WDTCbHwytTa",
          "checksum": "1390a5b0d745f31a6a7a4b638dcc185d"
        },
        {
          "type": "cssRules",
          "assetId": "_WDTCbHwytTa",
          "checksum": "1390a5b0d745f31a6a7a4b638dcc185d"
        },
        {
          "type": "renderModule",
          "assetId": "3_GjZTPzAICq",
          "checksum": "1c9db20ac28b9dbb145d8199f837a6b6"
        },
        {
          "type": "cssRules",
          "assetId": "3_GjZTPzAICq",
          "checksum": "1c9db20ac28b9dbb145d8199f837a6b6"
        },
        {
          "type": "renderModule",
          "assetId": "CHOtagSk5cCg",
          "checksum": "2997384dabd4e0c1ae1816866e6bbad8"
        },
        {
          "type": "cssRules",
          "assetId": "CHOtagSk5cCg",
          "checksum": "2997384dabd4e0c1ae1816866e6bbad8"
        },
        {
          "type": "renderModule",
          "assetId": "gkCJFoKlDeQq",
          "checksum": "59e5a4c7d8c8fe6d1fcab7e7518aa71c"
        },
        {
          "type": "cssRules",
          "assetId": "gkCJFoKlDeQq",
          "checksum": "59e5a4c7d8c8fe6d1fcab7e7518aa71c"
        },
        {
          "type": "renderModule",
          "assetId": "O8jZAHlVel_c",
          "checksum": "1de9edc8a2d2a57242e32d3db493c7c8"
        },
        {
          "type": "cssRules",
          "assetId": "O8jZAHlVel_c",
          "checksum": "1de9edc8a2d2a57242e32d3db493c7c8"
        },
        {
          "type": "renderModule",
          "assetId": "LZyjTmzFi6v_",
          "checksum": "eb1a9b5583c2d98218676a8224bcc91a"
        },
        {
          "type": "cssRules",
          "assetId": "LZyjTmzFi6v_",
          "checksum": "eb1a9b5583c2d98218676a8224bcc91a"
        },
        {
          "type": "renderModule",
          "assetId": "e1iFEtHY-qdu",
          "checksum": "fedc4a1a3b3c238f30cebfe5a82ce7b9"
        },
        {
          "type": "cssRules",
          "assetId": "e1iFEtHY-qdu",
          "checksum": "fedc4a1a3b3c238f30cebfe5a82ce7b9"
        },
        {
          "type": "renderModule",
          "assetId": "LLVZXTKy8lHy",
          "checksum": "09d61aeec8245f7e28250b5acac1865f"
        },
        {
          "type": "cssRules",
          "assetId": "LLVZXTKy8lHy",
          "checksum": "09d61aeec8245f7e28250b5acac1865f"
        },
        {
          "type": "icon",
          "assetId": "RDvymmyvMkOA",
          "checksum": "6c11f1ad4d81b688131435a6cf1e256a"
        },
        {
          "type": "icon",
          "assetId": "Dsj5GbAip73u",
          "checksum": "3aaf4b24ca29ba830df10d41e3f339f8"
        },
        {
          "type": "icon",
          "assetId": "7ihCBrTC6o9m",
          "checksum": "2d3a3146eaf5477753a3524705c642f4"
        },
        {
          "type": "icon",
          "assetId": "yL3OdVuNNxkq",
          "checksum": "79e1343f8bc2105ba7c5abec6044655d"
        },
        {
          "type": "icon",
          "assetId": "rx3QuPqDSQxF",
          "checksum": "1e0da973a7f0c1fd698073f30d8d6fd0"
        },
        {
          "type": "icon",
          "assetId": "yXOnbpnkHbbc",
          "checksum": "73b7e06758de1d912242164a82a94f50"
        },
        {
          "type": "icon",
          "assetId": "-MJnWGKx-45T",
          "checksum": "38a8bb7eae2e6902e32207aa6a8fe90e"
        },
        {
          "type": "icon",
          "assetId": "JkxE4y3bo2kQ",
          "checksum": "6701abdc7f6c93abd29db468b71b00ae"
        },
        {
          "type": "icon",
          "assetId": "ev0nAVfPDkzg",
          "checksum": "4988c58fe4b26993924ba3512e03271b"
        },
        {
          "type": "icon",
          "assetId": "pBv3kVtuXx4x",
          "checksum": "2a26f90698e22293519117d28145fcbe"
        },
        {
          "type": "image",
          "assetId": "t_0cUUIhsFTV",
          "checksum": "80e06ab276361d13448cb32327e5ca1a"
        },
        {
          "type": "image",
          "assetId": "WLNNokhUeCaX",
          "checksum": "54d53f9f3ddbcf076ec40409eb64ef21"
        },
        {
          "type": "image",
          "assetId": "OzsIOWR1Wa0C",
          "checksum": "7d81e746b9d3fcdae53e8cc1cc58b50e"
        },
        {
          "type": "image",
          "assetId": "YkLQwe_W_BVr",
          "checksum": "ab79a6c985c4397102dd771ce387077a"
        },
        {
          "type": "image",
          "assetId": "mGv8mDDt7gu3",
          "checksum": "ac81e77749c918d2734adb1deda79074"
        },
        {
          "type": "image",
          "assetId": "hZlQtbHT67TC",
          "checksum": "f31afde6f3197b4520cb270cb08c0ba2"
        },
        {
          "type": "image",
          "assetId": "WxLl1DRBCrCV",
          "checksum": "f8f7892dfa2fffba8c702d3e30da50a7"
        },
        {
          "type": "image",
          "assetId": "5QtGVNSEEp02",
          "checksum": "1e091541eb2fa6535925eecb3c95020e"
        },
        {
          "type": "image",
          "assetId": "7MRj0l8xxLNR",
          "checksum": "162efedbf003e241621607bcfd3b3b89"
        },
        {
          "type": "image",
          "assetId": "PDRyeIWQywdm",
          "checksum": "3848a21de88a25cea9d5fa4e1f5a27f7"
        },
        {
          "type": "image",
          "assetId": "0w_FnpZEDTSl",
          "checksum": "bbb377802c45c55c393e5280be5149b2"
        },
        {
          "type": "image",
          "assetId": "PWTzv6-LeoOM",
          "checksum": "eb7d4bdcb31caca455d0dca8d801dadb"
        },
        {
          "type": "image",
          "assetId": "jP1HGiILjHyS",
          "checksum": "13b8fd6bcb355a3511e6fb64885548bb"
        },
        {
          "type": "image",
          "assetId": "67QH16WPxWYU",
          "checksum": "0ac66f26c7da01e54fd5cd69cd3c7599"
        },
        {
          "type": "image",
          "assetId": "gExncO_shPk9",
          "checksum": "71f7527b908f1b9c6be4f6826a71668d"
        },
        {
          "type": "image",
          "assetId": "ZUVZ3XK0-1O1",
          "checksum": "06aee9c0a060e3fc159a50fb953e4493"
        },
        {
          "type": "image",
          "assetId": "48bR0DVdJorr",
          "checksum": "057cbf767eae02f66f8d984be350542f"
        },
        {
          "type": "image",
          "assetId": "TrnUcF2_ahtj",
          "checksum": "8d6ddc4714a2916d8fbb32f41a7ebce5"
        },
        {
          "type": "image",
          "assetId": "qypkNgzLOTYD",
          "checksum": "8b74b6155fdc7bf8e0ebcfb538619b61"
        },
        {
          "type": "image",
          "assetId": "YyKgwu1QVQkS",
          "checksum": "8b819b4b5a116f0ee7266d61e7380ab5"
        },
        {
          "type": "image",
          "assetId": "y1mMU8GTJO-3",
          "checksum": "9d27b642e42e2e11c301ac8610647e1d"
        },
        {
          "type": "image",
          "assetId": "F-8ESFnEhirG",
          "checksum": "3ed32e136833e44a2464072a4a64b46b"
        },
        {
          "type": "image",
          "assetId": "HSt0Uv34hwQf",
          "checksum": "4bcb854b47e9638f609f6d5cda863be0"
        },
        {
          "type": "image",
          "assetId": "fvwFT0io_31H",
          "checksum": "1513f8a2359c3efec404b1742a688ef7"
        },
        {
          "type": "image",
          "assetId": "6b6tOKkOK9Xt",
          "checksum": "de041b3c36cc99f55db9aade07ed16a5"
        },
        {
          "type": "image",
          "assetId": "7EFjPSjQDB2T",
          "checksum": "9407f6b569dd423da4116e5d8e45b3ee"
        },
        {
          "type": "image",
          "assetId": "q9Z4Qye1tgJw",
          "checksum": "cfeff4723259ad8c25fc27dc650bf0b0"
        },
        {
          "type": "image",
          "assetId": "EGNO7TqO26ff",
          "checksum": "30a1a7f14d4980e32ab64c296b3cd8b7"
        },
        {
          "type": "image",
          "assetId": "68L2G2-oXh-P",
          "checksum": "150323f728e50ada2eab5e8db61a43b3"
        },
        {
          "type": "image",
          "assetId": "sy202l7wUmfF",
          "checksum": "071b326ce916a11fd713f68cc0e18f42"
        },
        {
          "type": "image",
          "assetId": "2_-AVggwg2Ef",
          "checksum": "0bfad9409d40bf27997dbbfcb08d6532"
        },
        {
          "type": "image",
          "assetId": "2SEO5aLJxk1C",
          "checksum": "886cfcefc168189fcee72abeaacab8b3"
        },
        {
          "type": "image",
          "assetId": "Tn5_4uwy3csR",
          "checksum": "bc696398f0a0a5ae839e2d2d53c0c361"
        },
        {
          "type": "image",
          "assetId": "NlKEWZf8xmKp",
          "checksum": "20dd18a0daf00f68e04a98bfb469a0a4"
        },
        {
          "type": "image",
          "assetId": "cLXGjbHLtu-O",
          "checksum": "4f514faed1b38bb5da73c70e163fe0d1"
        },
        {
          "type": "image",
          "assetId": "QpjKSPSvlFXF",
          "checksum": "c187a8c1e4bd778663606da86d23395c"
        },
        {
          "type": "image",
          "assetId": "VNdje2GrBLIQ",
          "checksum": "ba5718a46417afd304d5b42ecfe3cf2e"
        },
        {
          "type": "image",
          "assetId": "HfhAcBtWc7te",
          "checksum": "35ea5f3ec668b961e99d528cf4da13a2"
        },
        {
          "type": "image",
          "assetId": "aYpH5M2ZF9MU",
          "checksum": "0802cef007204cd59830b6ca6f12354b"
        },
        {
          "type": "image",
          "assetId": "Goz0E-rTXyoZ",
          "checksum": "105439fd7521c21d1a7cbdbf6babef51"
        },
        {
          "type": "image",
          "assetId": "C4zCUobb-DSa",
          "checksum": "1634fb3d8c4f13883120ca146b146062"
        },
        {
          "type": "image",
          "assetId": "ra9k_g4Omw2H",
          "checksum": "1298bfbe7a9c364e801e75aa330be5a3"
        },
        {
          "type": "image",
          "assetId": "dqHgGt_DMHhg",
          "checksum": "f817f2e814887346f963141ace670cd3"
        },
        {
          "type": "image",
          "assetId": "rG36jFcopkIC",
          "checksum": "f9ef2b26d55d6e79f808fd6c27ed2d20"
        }
      ],
      "codegenVersion": "0.0.1"
    }
  ],
  "cliVersion": "0.1.342"
}
